// !$*UTF8*$!
{
	archiveVersion = 1;
	classes = {
	};
	objectVersion = 50;
	objects = {

/* Begin PBXBuildFile section */
		5310951C26ECEABC00AC42D9 /* scrumdingerApp.swift in Sources */ = {isa = PBXBuildFile; fileRef = 5310951B26ECEABC00AC42D9 /* scrumdingerApp.swift */; };
		5310951E26ECEABC00AC42D9 /* MeetingView.swift in Sources */ = {isa = PBXBuildFile; fileRef = 5310951D26ECEABC00AC42D9 /* MeetingView.swift */; };
		5310952026ECEABD00AC42D9 /* Assets.xcassets in Resources */ = {isa = PBXBuildFile; fileRef = 5310951F26ECEABD00AC42D9 /* Assets.xcassets */; };
		5310952326ECEABD00AC42D9 /* Preview Assets.xcassets in Resources */ = {isa = PBXBuildFile; fileRef = 5310952226ECEABD00AC42D9 /* Preview Assets.xcassets */; };
		538BC88126ED082D00383B75 /* Models in Resources */ = {isa = PBXBuildFile; fileRef = 538BC88026ED082D00383B75 /* Models */; };
		538BC88326ED0A9500383B75 /* Color+Codable.swift in Sources */ = {isa = PBXBuildFile; fileRef = 538BC88226ED0A9500383B75 /* Color+Codable.swift */; };
		538BC88526ED0EF400383B75 /* ScrumsView.swift in Sources */ = {isa = PBXBuildFile; fileRef = 538BC88426ED0EF400383B75 /* ScrumsView.swift */; };
		538BC88726ED65FF00383B75 /* DetailView.swift in Sources */ = {isa = PBXBuildFile; fileRef = 538BC88626ED65FF00383B75 /* DetailView.swift */; };
		538BC88926ED938400383B75 /* DailyScrum.swift in Sources */ = {isa = PBXBuildFile; fileRef = 538BC88826ED938400383B75 /* DailyScrum.swift */; };
		538BC88B26ED95DA00383B75 /* EditView.swift in Sources */ = {isa = PBXBuildFile; fileRef = 538BC88A26ED95DA00383B75 /* EditView.swift */; };
		53CE7FD926ECFBAC00770203 /* CardView.swift in Sources */ = {isa = PBXBuildFile; fileRef = 53CE7FD826ECFBAC00770203 /* CardView.swift */; };
		53FC2EFF26EE4CDD00302F37 /* MeetingHeaderView.swift in Sources */ = {isa = PBXBuildFile; fileRef = 53FC2EFE26EE4CDD00302F37 /* MeetingHeaderView.swift */; };
		53FC2F0126F0285A00302F37 /* ScrumTimer.swift in Sources */ = {isa = PBXBuildFile; fileRef = 53FC2F0026F0285A00302F37 /* ScrumTimer.swift */; };
		53FC2F0326F6C77700302F37 /* MeetingFooterView.swift in Sources */ = {isa = PBXBuildFile; fileRef = 53FC2F0226F6C77700302F37 /* MeetingFooterView.swift */; };
/* End PBXBuildFile section */

/* Begin PBXFileReference section */
		5310951826ECEABC00AC42D9 /* scrumdinger.app */ = {isa = PBXFileReference; explicitFileType = wrapper.application; includeInIndex = 0; path = scrumdinger.app; sourceTree = BUILT_PRODUCTS_DIR; };
		5310951B26ECEABC00AC42D9 /* scrumdingerApp.swift */ = {isa = PBXFileReference; lastKnownFileType = sourcecode.swift; path = scrumdingerApp.swift; sourceTree = "<group>"; };
		5310951D26ECEABC00AC42D9 /* MeetingView.swift */ = {isa = PBXFileReference; lastKnownFileType = sourcecode.swift; path = MeetingView.swift; sourceTree = "<group>"; };
		5310951F26ECEABD00AC42D9 /* Assets.xcassets */ = {isa = PBXFileReference; lastKnownFileType = folder.assetcatalog; path = Assets.xcassets; sourceTree = "<group>"; };
		5310952226ECEABD00AC42D9 /* Preview Assets.xcassets */ = {isa = PBXFileReference; lastKnownFileType = folder.assetcatalog; path = "Preview Assets.xcassets"; sourceTree = "<group>"; };
		5310952426ECEABD00AC42D9 /* Info.plist */ = {isa = PBXFileReference; lastKnownFileType = text.plist.xml; path = Info.plist; sourceTree = "<group>"; };
		538BC88026ED082D00383B75 /* Models */ = {isa = PBXFileReference; lastKnownFileType = folder; path = Models; sourceTree = "<group>"; };
		538BC88226ED0A9500383B75 /* Color+Codable.swift */ = {isa = PBXFileReference; lastKnownFileType = sourcecode.swift; path = "Color+Codable.swift"; sourceTree = "<group>"; };
		538BC88426ED0EF400383B75 /* ScrumsView.swift */ = {isa = PBXFileReference; lastKnownFileType = sourcecode.swift; path = ScrumsView.swift; sourceTree = "<group>"; };
		538BC88626ED65FF00383B75 /* DetailView.swift */ = {isa = PBXFileReference; lastKnownFileType = sourcecode.swift; path = DetailView.swift; sourceTree = "<group>"; };
		538BC88826ED938400383B75 /* DailyScrum.swift */ = {isa = PBXFileReference; lastKnownFileType = sourcecode.swift; path = DailyScrum.swift; sourceTree = "<group>"; };
		538BC88A26ED95DA00383B75 /* EditView.swift */ = {isa = PBXFileReference; lastKnownFileType = sourcecode.swift; path = EditView.swift; sourceTree = "<group>"; };
		53CE7FD826ECFBAC00770203 /* CardView.swift */ = {isa = PBXFileReference; lastKnownFileType = sourcecode.swift; path = CardView.swift; sourceTree = "<group>"; };
		53FC2EFE26EE4CDD00302F37 /* MeetingHeaderView.swift */ = {isa = PBXFileReference; lastKnownFileType = sourcecode.swift; path = MeetingHeaderView.swift; sourceTree = "<group>"; };
		53FC2F0026F0285A00302F37 /* ScrumTimer.swift */ = {isa = PBXFileReference; fileEncoding = 4; lastKnownFileType = sourcecode.swift; path = ScrumTimer.swift; sourceTree = "<group>"; };
		53FC2F0226F6C77700302F37 /* MeetingFooterView.swift */ = {isa = PBXFileReference; lastKnownFileType = sourcecode.swift; path = MeetingFooterView.swift; sourceTree = "<group>"; };
/* End PBXFileReference section */

/* Begin PBXFrameworksBuildPhase section */
		5310951526ECEABC00AC42D9 /* Frameworks */ = {
			isa = PBXFrameworksBuildPhase;
			buildActionMask = 2147483647;
			files = (
			);
			runOnlyForDeploymentPostprocessing = 0;
		};
/* End PBXFrameworksBuildPhase section */

/* Begin PBXGroup section */
		5310950F26ECEABC00AC42D9 = {
			isa = PBXGroup;
			children = (
				5310951A26ECEABC00AC42D9 /* scrumdinger */,
				5310951926ECEABC00AC42D9 /* Products */,
			);
			sourceTree = "<group>";
		};
		5310951926ECEABC00AC42D9 /* Products */ = {
			isa = PBXGroup;
			children = (
				5310951826ECEABC00AC42D9 /* scrumdinger.app */,
			);
			name = Products;
			sourceTree = "<group>";
		};
		5310951A26ECEABC00AC42D9 /* scrumdinger */ = {
			isa = PBXGroup;
			children = (
				53FC2F0026F0285A00302F37 /* ScrumTimer.swift */,
				538BC88426ED0EF400383B75 /* ScrumsView.swift */,
				5310951B26ECEABC00AC42D9 /* scrumdingerApp.swift */,
				5310951D26ECEABC00AC42D9 /* MeetingView.swift */,
				5310951F26ECEABD00AC42D9 /* Assets.xcassets */,
				538BC88226ED0A9500383B75 /* Color+Codable.swift */,
				538BC88826ED938400383B75 /* DailyScrum.swift */,
				538BC88026ED082D00383B75 /* Models */,
				5310952426ECEABD00AC42D9 /* Info.plist */,
				5310952126ECEABD00AC42D9 /* Preview Content */,
				53CE7FD826ECFBAC00770203 /* CardView.swift */,
				538BC88626ED65FF00383B75 /* DetailView.swift */,
				538BC88A26ED95DA00383B75 /* EditView.swift */,
				53FC2EFE26EE4CDD00302F37 /* MeetingHeaderView.swift */,
				53FC2F0226F6C77700302F37 /* MeetingFooterView.swift */,
			);
			path = scrumdinger;
			sourceTree = "<group>";
		};
		5310952126ECEABD00AC42D9 /* Preview Content */ = {
			isa = PBXGroup;
			children = (
				5310952226ECEABD00AC42D9 /* Preview Assets.xcassets */,
			);
			path = "Preview Content";
			sourceTree = "<group>";
		};
/* End PBXGroup section */

/* Begin PBXNativeTarget section */
		5310951726ECEABC00AC42D9 /* scrumdinger */ = {
			isa = PBXNativeTarget;
			buildConfigurationList = 5310952726ECEABD00AC42D9 /* Build configuration list for PBXNativeTarget "scrumdinger" */;
			buildPhases = (
				5310951426ECEABC00AC42D9 /* Sources */,
				5310951526ECEABC00AC42D9 /* Frameworks */,
				5310951626ECEABC00AC42D9 /* Resources */,
			);
			buildRules = (
			);
			dependencies = (
			);
			name = scrumdinger;
			productName = scrumdinger;
			productReference = 5310951826ECEABC00AC42D9 /* scrumdinger.app */;
			productType = "com.apple.product-type.application";
		};
/* End PBXNativeTarget section */

/* Begin PBXProject section */
		5310951026ECEABC00AC42D9 /* Project object */ = {
			isa = PBXProject;
			attributes = {
				LastSwiftUpdateCheck = 1250;
				LastUpgradeCheck = 1250;
				TargetAttributes = {
					5310951726ECEABC00AC42D9 = {
						CreatedOnToolsVersion = 12.5.1;
					};
				};
			};
			buildConfigurationList = 5310951326ECEABC00AC42D9 /* Build configuration list for PBXProject "scrumdinger" */;
			compatibilityVersion = "Xcode 9.3";
			developmentRegion = en;
			hasScannedForEncodings = 0;
			knownRegions = (
				en,
				Base,
			);
			mainGroup = 5310950F26ECEABC00AC42D9;
			productRefGroup = 5310951926ECEABC00AC42D9 /* Products */;
			projectDirPath = "";
			projectRoot = "";
			targets = (
				5310951726ECEABC00AC42D9 /* scrumdinger */,
			);
		};
/* End PBXProject section */

/* Begin PBXResourcesBuildPhase section */
		5310951626ECEABC00AC42D9 /* Resources */ = {
			isa = PBXResourcesBuildPhase;
			buildActionMask = 2147483647;
			files = (
				538BC88126ED082D00383B75 /* Models in Resources */,
				5310952326ECEABD00AC42D9 /* Preview Assets.xcassets in Resources */,
				5310952026ECEABD00AC42D9 /* Assets.xcassets in Resources */,
			);
			runOnlyForDeploymentPostprocessing = 0;
		};
/* End PBXResourcesBuildPhase section */

/* Begin PBXSourcesBuildPhase section */
		5310951426ECEABC00AC42D9 /* Sources */ = {
			isa = PBXSourcesBuildPhase;
			buildActionMask = 2147483647;
			files = (
				5310951E26ECEABC00AC42D9 /* MeetingView.swift in Sources */,
				538BC88526ED0EF400383B75 /* ScrumsView.swift in Sources */,
				538BC88B26ED95DA00383B75 /* EditView.swift in Sources */,
				53FC2EFF26EE4CDD00302F37 /* MeetingHeaderView.swift in Sources */,
				53FC2F0126F0285A00302F37 /* ScrumTimer.swift in Sources */,
				538BC88726ED65FF00383B75 /* DetailView.swift in Sources */,
				53FC2F0326F6C77700302F37 /* MeetingFooterView.swift in Sources */,
				53CE7FD926ECFBAC00770203 /* CardView.swift in Sources */,
				538BC88926ED938400383B75 /* DailyScrum.swift in Sources */,
				538BC88326ED0A9500383B75 /* Color+Codable.swift in Sources */,
				5310951C26ECEABC00AC42D9 /* scrumdingerApp.swift in Sources */,
			);
			runOnlyForDeploymentPostprocessing = 0;
		};
/* End PBXSourcesBuildPhase section */

/* Begin XCBuildConfiguration section */
		5310952526ECEABD00AC42D9 /* Debug */ = {
			isa = XCBuildConfiguration;
			buildSettings = {
				ALWAYS_SEARCH_USER_PATHS = NO;
				CLANG_ANALYZER_NONNULL = YES;
				CLANG_ANALYZER_NUMBER_OBJECT_CONVERSION = YES_AGGRESSIVE;
				CLANG_CXX_LANGUAGE_STANDARD = "gnu++14";
				CLANG_CXX_LIBRARY = "libc++";
				CLANG_ENABLE_MODULES = YES;
				CLANG_ENABLE_OBJC_ARC = YES;
				CLANG_ENABLE_OBJC_WEAK = YES;
				CLANG_WARN_BLOCK_CAPTURE_AUTORELEASING = YES;
				CLANG_WARN_BOOL_CONVERSION = YES;
				CLANG_WARN_COMMA = YES;
				CLANG_WARN_CONSTANT_CONVERSION = YES;
				CLANG_WARN_DEPRECATED_OBJC_IMPLEMENTATIONS = YES;
				CLANG_WARN_DIRECT_OBJC_ISA_USAGE = YES_ERROR;
				CLANG_WARN_DOCUMENTATION_COMMENTS = YES;
				CLANG_WARN_EMPTY_BODY = YES;
				CLANG_WARN_ENUM_CONVERSION = YES;
				CLANG_WARN_INFINITE_RECURSION = YES;
				CLANG_WARN_INT_CONVERSION = YES;
				CLANG_WARN_NON_LITERAL_NULL_CONVERSION = YES;
				CLANG_WARN_OBJC_IMPLICIT_RETAIN_SELF = YES;
				CLANG_WARN_OBJC_LITERAL_CONVERSION = YES;
				CLANG_WARN_OBJC_ROOT_CLASS = YES_ERROR;
				CLANG_WARN_QUOTED_INCLUDE_IN_FRAMEWORK_HEADER = YES;
				CLANG_WARN_RANGE_LOOP_ANALYSIS = YES;
				CLANG_WARN_STRICT_PROTOTYPES = YES;
				CLANG_WARN_SUSPICIOUS_MOVE = YES;
				CLANG_WARN_UNGUARDED_AVAILABILITY = YES_AGGRESSIVE;
				CLANG_WARN_UNREACHABLE_CODE = YES;
				CLANG_WARN__DUPLICATE_METHOD_MATCH = YES;
				COPY_PHASE_STRIP = NO;
				DEBUG_INFORMATION_FORMAT = dwarf;
				ENABLE_STRICT_OBJC_MSGSEND = YES;
				ENABLE_TESTABILITY = YES;
				GCC_C_LANGUAGE_STANDARD = gnu11;
				GCC_DYNAMIC_NO_PIC = NO;
				GCC_NO_COMMON_BLOCKS = YES;
				GCC_OPTIMIZATION_LEVEL = 0;
				GCC_PREPROCESSOR_DEFINITIONS = (
					"DEBUG=1",
					"$(inherited)",
				);
				GCC_WARN_64_TO_32_BIT_CONVERSION = YES;
				GCC_WARN_ABOUT_RETURN_TYPE = YES_ERROR;
				GCC_WARN_UNDECLARED_SELECTOR = YES;
				GCC_WARN_UNINITIALIZED_AUTOS = YES_AGGRESSIVE;
				GCC_WARN_UNUSED_FUNCTION = YES;
				GCC_WARN_UNUSED_VARIABLE = YES;
				IPHONEOS_DEPLOYMENT_TARGET = 14.5;
				MTL_ENABLE_DEBUG_INFO = INCLUDE_SOURCE;
				MTL_FAST_MATH = YES;
				ONLY_ACTIVE_ARCH = YES;
				SDKROOT = iphoneos;
				SWIFT_ACTIVE_COMPILATION_CONDITIONS = DEBUG;
				SWIFT_OPTIMIZATION_LEVEL = "-Onone";
			};
			name = Debug;
		};
		5310952626ECEABD00AC42D9 /* Release */ = {
			isa = XCBuildConfiguration;
			buildSettings = {
				ALWAYS_SEARCH_USER_PATHS = NO;
				CLANG_ANALYZER_NONNULL = YES;
				CLANG_ANALYZER_NUMBER_OBJECT_CONVERSION = YES_AGGRESSIVE;
				CLANG_CXX_LANGUAGE_STANDARD = "gnu++14";
				CLANG_CXX_LIBRARY = "libc++";
				CLANG_ENABLE_MODULES = YES;
				CLANG_ENABLE_OBJC_ARC = YES;
				CLANG_ENABLE_OBJC_WEAK = YES;
				CLANG_WARN_BLOCK_CAPTURE_AUTORELEASING = YES;
				CLANG_WARN_BOOL_CONVERSION = YES;
				CLANG_WARN_COMMA = YES;
				CLANG_WARN_CONSTANT_CONVERSION = YES;
				CLANG_WARN_DEPRECATED_OBJC_IMPLEMENTATIONS = YES;
				CLANG_WARN_DIRECT_OBJC_ISA_USAGE = YES_ERROR;
				CLANG_WARN_DOCUMENTATION_COMMENTS = YES;
				CLANG_WARN_EMPTY_BODY = YES;
				CLANG_WARN_ENUM_CONVERSION = YES;
				CLANG_WARN_INFINITE_RECURSION = YES;
				CLANG_WARN_INT_CONVERSION = YES;
				CLANG_WARN_NON_LITERAL_NULL_CONVERSION = YES;
				CLANG_WARN_OBJC_IMPLICIT_RETAIN_SELF = YES;
				CLANG_WARN_OBJC_LITERAL_CONVERSION = YES;
				CLANG_WARN_OBJC_ROOT_CLASS = YES_ERROR;
				CLANG_WARN_QUOTED_INCLUDE_IN_FRAMEWORK_HEADER = YES;
				CLANG_WARN_RANGE_LOOP_ANALYSIS = YES;
				CLANG_WARN_STRICT_PROTOTYPES = YES;
				CLANG_WARN_SUSPICIOUS_MOVE = YES;
				CLANG_WARN_UNGUARDED_AVAILABILITY = YES_AGGRESSIVE;
				CLANG_WARN_UNREACHABLE_CODE = YES;
				CLANG_WARN__DUPLICATE_METHOD_MATCH = YES;
				COPY_PHASE_STRIP = NO;
				DEBUG_INFORMATION_FORMAT = "dwarf-with-dsym";
				ENABLE_NS_ASSERTIONS = NO;
				ENABLE_STRICT_OBJC_MSGSEND = YES;
				GCC_C_LANGUAGE_STANDARD = gnu11;
				GCC_NO_COMMON_BLOCKS = YES;
				GCC_WARN_64_TO_32_BIT_CONVERSION = YES;
				GCC_WARN_ABOUT_RETURN_TYPE = YES_ERROR;
				GCC_WARN_UNDECLARED_SELECTOR = YES;
				GCC_WARN_UNINITIALIZED_AUTOS = YES_AGGRESSIVE;
				GCC_WARN_UNUSED_FUNCTION = YES;
				GCC_WARN_UNUSED_VARIABLE = YES;
				IPHONEOS_DEPLOYMENT_TARGET = 14.5;
				MTL_ENABLE_DEBUG_INFO = NO;
				MTL_FAST_MATH = YES;
				SDKROOT = iphoneos;
				SWIFT_COMPILATION_MODE = wholemodule;
				SWIFT_OPTIMIZATION_LEVEL = "-O";
				VALIDATE_PRODUCT = YES;
			};
			name = Release;
		};
		5310952826ECEABD00AC42D9 /* Debug */ = {
			isa = XCBuildConfiguration;
			buildSettings = {
				ASSETCATALOG_COMPILER_APPICON_NAME = AppIcon;
				ASSETCATALOG_COMPILER_GLOBAL_ACCENT_COLOR_NAME = AccentColor;
				CODE_SIGN_IDENTITY = "Apple Development";
				CODE_SIGN_STYLE = Automatic;
				DEVELOPMENT_ASSET_PATHS = "\"scrumdinger/Preview Content\"";
				DEVELOPMENT_TEAM = 69ZU5BU9N4;
				ENABLE_PREVIEWS = YES;
				INFOPLIST_FILE = scrumdinger/Info.plist;
				IPHONEOS_DEPLOYMENT_TARGET = 14.0;
				LD_RUNPATH_SEARCH_PATHS = (
					"$(inherited)",
					"@executable_path/Frameworks",
				);
				PRODUCT_BUNDLE_IDENTIFIER = com.scrum.scrumdinger;
				PRODUCT_NAME = "$(TARGET_NAME)";
				PROVISIONING_PROFILE_SPECIFIER = "";
				SWIFT_VERSION = 5.0;
				TARGETED_DEVICE_FAMILY = "1,2";
			};
			name = Debug;
		};
		5310952926ECEABD00AC42D9 /* Release */ = {
			isa = XCBuildConfiguration;
			buildSettings = {
				ASSETCATALOG_COMPILER_APPICON_NAME = AppIcon;
				ASSETCATALOG_COMPILER_GLOBAL_ACCENT_COLOR_NAME = AccentColor;
				CODE_SIGN_IDENTITY = "Apple Development";
				CODE_SIGN_STYLE = Automatic;
				DEVELOPMENT_ASSET_PATHS = "\"scrumdinger/Preview Content\"";
				DEVELOPMENT_TEAM = 69ZU5BU9N4;
				ENABLE_PREVIEWS = YES;
				INFOPLIST_FILE = scrumdinger/Info.plist;
				IPHONEOS_DEPLOYMENT_TARGET = 14.0;
				LD_RUNPATH_SEARCH_PATHS = (
					"$(inherited)",
					"@executable_path/Frameworks",
				);
				PRODUCT_BUNDLE_IDENTIFIER = com.scrum.scrumdinger;
				PRODUCT_NAME = "$(TARGET_NAME)";
				PROVISIONING_PROFILE_SPECIFIER = "";
				SWIFT_VERSION = 5.0;
				TARGETED_DEVICE_FAMILY = "1,2";
			};
			name = Release;
		};
/* End XCBuildConfiguration section */

/* Begin XCConfigurationList section */
		5310951326ECEABC00AC42D9 /* Build configuration list for PBXProject "scrumdinger" */ = {
			isa = XCConfigurationList;
			buildConfigurations = (
				5310952526ECEABD00AC42D9 /* Debug */,
				5310952626ECEABD00AC42D9 /* Release */,
			);
			defaultConfigurationIsVisible = 0;
			defaultConfigurationName = Release;
		};
		5310952726ECEABD00AC42D9 /* Build configuration list for PBXNativeTarget "scrumdinger" */ = {
			isa = XCConfigurationList;
			buildConfigurations = (
				5310952826ECEABD00AC42D9 /* Debug */,
				5310952926ECEABD00AC42D9 /* Release */,
			);
			defaultConfigurationIsVisible = 0;
			defaultConfigurationName = Release;
		};
/* End XCConfigurationList section */
	};
	rootObject = 5310951026ECEABC00AC42D9 /* Project object */;
}
